
Microsoft Visual Studio Solution File, Format Version 12.00
# Visual Studio Version 17
VisualStudioVersion = 17.5.002.0
MinimumVisualStudioVersion = 10.0.40219.1
Project("{9A19103F-16F7-4668-BE54-9A1E7A4F7556}") = "MvcBirthDays", "MvcBirthDays.csproj", "{030017C0-34D1-4402-8BCC-83C384B23BEA}"
EndProject
Global
	GlobalSection(SolutionConfigurationPlatforms) = preSolution
		Debug|Any CPU = Debug|Any CPU
		Release|Any CPU = Release|Any CPU
	EndGlobalSection
	GlobalSection(ProjectConfigurationPlatforms) = postSolution
		{030017C0-34D1-4402-8BCC-83C384B23BEA}.Debug|Any CPU.ActiveCfg = Debug|Any CPU
		{030017C0-34D1-4402-8BCC-83C384B23BEA}.Debug|Any CPU.Build.0 = Debug|Any CPU
		{030017C0-34D1-4402-8BCC-83C384B23BEA}.Release|Any CPU.ActiveCfg = Release|Any CPU
		{030017C0-34D1-4402-8BCC-83C384B23BEA}.Release|Any CPU.Build.0 = Release|Any CPU
	EndGlobalSection
	GlobalSection(SolutionProperties) = preSolution
		HideSolutionNode = FALSE
	EndGlobalSection
	GlobalSection(ExtensibilityGlobals) = postSolution
		SolutionGuid = {7424B50C-56DC-4849-AD03-CF2AC0D1C9EC}
	EndGlobalSection
EndGlobal
